// !$*UTF8*$!
{
	archiveVersion = 1;
	classes = {
	};
	objectVersion = 50;
	objects = {

/* Begin PBXBuildFile section */
		0180C44921AF3064000A0A84 /* GDTextField.swift in Sources */ = {isa = PBXBuildFile; fileRef = 0180C44821AF3064000A0A84 /* GDTextField.swift */; };
		0180C44D21B075C6000A0A84 /* GDTableView.swift in Sources */ = {isa = PBXBuildFile; fileRef = 0180C44C21B075C6000A0A84 /* GDTableView.swift */; };
		0180C44F21B08356000A0A84 /* GDListCell.swift in Sources */ = {isa = PBXBuildFile; fileRef = 0180C44E21B08356000A0A84 /* GDListCell.swift */; };
		0180C45221B08657000A0A84 /* ToDo.swift in Sources */ = {isa = PBXBuildFile; fileRef = 0180C45121B08657000A0A84 /* ToDo.swift */; };
		0180C45421B09AB7000A0A84 /* GDCheckBox.swift in Sources */ = {isa = PBXBuildFile; fileRef = 0180C45321B09AB7000A0A84 /* GDCheckBox.swift */; };
		0180C45621B2E4CA000A0A84 /* CoreDataManager.swift in Sources */ = {isa = PBXBuildFile; fileRef = 0180C45521B2E4CA000A0A84 /* CoreDataManager.swift */; };
		01C68518219E813A00D6A808 /* AppDelegate.swift in Sources */ = {isa = PBXBuildFile; fileRef = 01C68517219E813A00D6A808 /* AppDelegate.swift */; };
		01C6851A219E813A00D6A808 /* WelcomeController.swift in Sources */ = {isa = PBXBuildFile; fileRef = 01C68519219E813A00D6A808 /* WelcomeController.swift */; };
		01C68520219E813A00D6A808 /* GetItDone.xcdatamodeld in Sources */ = {isa = PBXBuildFile; fileRef = 01C6851E219E813A00D6A808 /* GetItDone.xcdatamodeld */; };
		01C68522219E813C00D6A808 /* Assets.xcassets in Resources */ = {isa = PBXBuildFile; fileRef = 01C68521219E813C00D6A808 /* Assets.xcassets */; };
		01C68525219E813C00D6A808 /* LaunchScreen.storyboard in Resources */ = {isa = PBXBuildFile; fileRef = 01C68523219E813C00D6A808 /* LaunchScreen.storyboard */; };
		01C6852D219F399C00D6A808 /* GDGradient.swift in Sources */ = {isa = PBXBuildFile; fileRef = 01C6852C219F399C00D6A808 /* GDGradient.swift */; };
		01C68530219F3E7E00D6A808 /* Extension.swift in Sources */ = {isa = PBXBuildFile; fileRef = 01C6852F219F3E7E00D6A808 /* Extension.swift */; };
		01C68533219F97AA00D6A808 /* GDLabel.swift in Sources */ = {isa = PBXBuildFile; fileRef = 01C68532219F97AA00D6A808 /* GDLabel.swift */; };
		01C68536219F9F0200D6A808 /* Raleway-v4020-Regular.otf in Resources */ = {isa = PBXBuildFile; fileRef = 01C68535219F9F0100D6A808 /* Raleway-v4020-Regular.otf */; };
		01C68538219FC8AA00D6A808 /* GDButton.swift in Sources */ = {isa = PBXBuildFile; fileRef = 01C68537219FC8AA00D6A808 /* GDButton.swift */; };
		01C6853A219FD4C300D6A808 /* ListController.swift in Sources */ = {isa = PBXBuildFile; fileRef = 01C68539219FD4C300D6A808 /* ListController.swift */; };
		01C6853C21A063F200D6A808 /* GDHeaderView.swift in Sources */ = {isa = PBXBuildFile; fileRef = 01C6853B21A063F200D6A808 /* GDHeaderView.swift */; };
		01C6853F21A1022D00D6A808 /* OptionSet.swift in Sources */ = {isa = PBXBuildFile; fileRef = 01C6853E21A1022D00D6A808 /* OptionSet.swift */; };
		01C6854121A10FA300D6A808 /* Protocol.swift in Sources */ = {isa = PBXBuildFile; fileRef = 01C6854021A10FA300D6A808 /* Protocol.swift */; };
		01C6854321A12C6C00D6A808 /* GDNewItemPopup.swift in Sources */ = {isa = PBXBuildFile; fileRef = 01C6854221A12C6C00D6A808 /* GDNewItemPopup.swift */; };
/* End PBXBuildFile section */

/* Begin PBXFileReference section */
		0180C44821AF3064000A0A84 /* GDTextField.swift */ = {isa = PBXFileReference; lastKnownFileType = sourcecode.swift; path = GDTextField.swift; sourceTree = "<group>"; };
		0180C44C21B075C6000A0A84 /* GDTableView.swift */ = {isa = PBXFileReference; lastKnownFileType = sourcecode.swift; path = GDTableView.swift; sourceTree = "<group>"; };
		0180C44E21B08356000A0A84 /* GDListCell.swift */ = {isa = PBXFileReference; lastKnownFileType = sourcecode.swift; path = GDListCell.swift; sourceTree = "<group>"; };
		0180C45121B08657000A0A84 /* ToDo.swift */ = {isa = PBXFileReference; lastKnownFileType = sourcecode.swift; path = ToDo.swift; sourceTree = "<group>"; };
		0180C45321B09AB7000A0A84 /* GDCheckBox.swift */ = {isa = PBXFileReference; lastKnownFileType = sourcecode.swift; path = GDCheckBox.swift; sourceTree = "<group>"; };
		0180C45521B2E4CA000A0A84 /* CoreDataManager.swift */ = {isa = PBXFileReference; lastKnownFileType = sourcecode.swift; path = CoreDataManager.swift; sourceTree = "<group>"; };
		01C68514219E813A00D6A808 /* GetItDone.app */ = {isa = PBXFileReference; explicitFileType = wrapper.application; includeInIndex = 0; path = GetItDone.app; sourceTree = BUILT_PRODUCTS_DIR; };
		01C68517219E813A00D6A808 /* AppDelegate.swift */ = {isa = PBXFileReference; lastKnownFileType = sourcecode.swift; path = AppDelegate.swift; sourceTree = "<group>"; };
		01C68519219E813A00D6A808 /* WelcomeController.swift */ = {isa = PBXFileReference; lastKnownFileType = sourcecode.swift; path = WelcomeController.swift; sourceTree = "<group>"; };
		01C6851F219E813A00D6A808 /* GetItDone.xcdatamodel */ = {isa = PBXFileReference; lastKnownFileType = wrapper.xcdatamodel; path = GetItDone.xcdatamodel; sourceTree = "<group>"; };
		01C68521219E813C00D6A808 /* Assets.xcassets */ = {isa = PBXFileReference; lastKnownFileType = folder.assetcatalog; path = Assets.xcassets; sourceTree = "<group>"; };
		01C68524219E813C00D6A808 /* Base */ = {isa = PBXFileReference; lastKnownFileType = file.storyboard; name = Base; path = Base.lproj/LaunchScreen.storyboard; sourceTree = "<group>"; };
		01C68526219E813C00D6A808 /* Info.plist */ = {isa = PBXFileReference; lastKnownFileType = text.plist.xml; path = Info.plist; sourceTree = "<group>"; };
		01C6852C219F399C00D6A808 /* GDGradient.swift */ = {isa = PBXFileReference; lastKnownFileType = sourcecode.swift; path = GDGradient.swift; sourceTree = "<group>"; };
		01C6852F219F3E7E00D6A808 /* Extension.swift */ = {isa = PBXFileReference; lastKnownFileType = sourcecode.swift; path = Extension.swift; sourceTree = "<group>"; };
		01C68532219F97AA00D6A808 /* GDLabel.swift */ = {isa = PBXFileReference; lastKnownFileType = sourcecode.swift; path = GDLabel.swift; sourceTree = "<group>"; };
		01C68535219F9F0100D6A808 /* Raleway-v4020-Regular.otf */ = {isa = PBXFileReference; lastKnownFileType = file; path = "Raleway-v4020-Regular.otf"; sourceTree = "<group>"; };
		01C68537219FC8AA00D6A808 /* GDButton.swift */ = {isa = PBXFileReference; lastKnownFileType = sourcecode.swift; path = GDButton.swift; sourceTree = "<group>"; };
		01C68539219FD4C300D6A808 /* ListController.swift */ = {isa = PBXFileReference; lastKnownFileType = sourcecode.swift; path = ListController.swift; sourceTree = "<group>"; };
		01C6853B21A063F200D6A808 /* GDHeaderView.swift */ = {isa = PBXFileReference; lastKnownFileType = sourcecode.swift; path = GDHeaderView.swift; sourceTree = "<group>"; };
		01C6853E21A1022D00D6A808 /* OptionSet.swift */ = {isa = PBXFileReference; lastKnownFileType = sourcecode.swift; path = OptionSet.swift; sourceTree = "<group>"; };
		01C6854021A10FA300D6A808 /* Protocol.swift */ = {isa = PBXFileReference; lastKnownFileType = sourcecode.swift; path = Protocol.swift; sourceTree = "<group>"; };
		01C6854221A12C6C00D6A808 /* GDNewItemPopup.swift */ = {isa = PBXFileReference; lastKnownFileType = sourcecode.swift; path = GDNewItemPopup.swift; sourceTree = "<group>"; };
/* End PBXFileReference section */

/* Begin PBXFrameworksBuildPhase section */
		01C68511219E813A00D6A808 /* Frameworks */ = {
			isa = PBXFrameworksBuildPhase;
			buildActionMask = 2147483647;
			files = (
			);
			runOnlyForDeploymentPostprocessing = 0;
		};
/* End PBXFrameworksBuildPhase section */

/* Begin PBXGroup section */
		0180C45021B08628000A0A84 /* Models */ = {
			isa = PBXGroup;
			children = (
				0180C45121B08657000A0A84 /* ToDo.swift */,
			);
			path = Models;
			sourceTree = "<group>";
		};
		01C6850B219E813A00D6A808 = {
			isa = PBXGroup;
			children = (
				01C68516219E813A00D6A808 /* GetItDone */,
				01C68515219E813A00D6A808 /* Products */,
			);
			sourceTree = "<group>";
		};
		01C68515219E813A00D6A808 /* Products */ = {
			isa = PBXGroup;
			children = (
				01C68514219E813A00D6A808 /* GetItDone.app */,
			);
			name = Products;
			sourceTree = "<group>";
		};
		01C68516219E813A00D6A808 /* GetItDone */ = {
			isa = PBXGroup;
			children = (
				01C68517219E813A00D6A808 /* AppDelegate.swift */,
				0180C45521B2E4CA000A0A84 /* CoreDataManager.swift */,
				0180C45021B08628000A0A84 /* Models */,
				01C68534219F9C7A00D6A808 /* Fonts */,
				01C6852E219F3E5B00D6A808 /* Extensions */,
				01C68531219F976B00D6A808 /* Custom */,
				01C6853D21A0664700D6A808 /* Controllers */,
				01C68521219E813C00D6A808 /* Assets.xcassets */,
				01C68523219E813C00D6A808 /* LaunchScreen.storyboard */,
				01C68526219E813C00D6A808 /* Info.plist */,
				01C6851E219E813A00D6A808 /* GetItDone.xcdatamodeld */,
			);
			path = GetItDone;
			sourceTree = "<group>";
		};
		01C6852E219F3E5B00D6A808 /* Extensions */ = {
			isa = PBXGroup;
			children = (
				01C6852F219F3E7E00D6A808 /* Extension.swift */,
				01C6853E21A1022D00D6A808 /* OptionSet.swift */,
				01C6854021A10FA300D6A808 /* Protocol.swift */,
			);
			path = Extensions;
			sourceTree = "<group>";
		};
		01C68531219F976B00D6A808 /* Custom */ = {
			isa = PBXGroup;
			children = (
				01C6852C219F399C00D6A808 /* GDGradient.swift */,
				01C68532219F97AA00D6A808 /* GDLabel.swift */,
				01C68537219FC8AA00D6A808 /* GDButton.swift */,
				01C6853B21A063F200D6A808 /* GDHeaderView.swift */,
				01C6854221A12C6C00D6A808 /* GDNewItemPopup.swift */,
				0180C44821AF3064000A0A84 /* GDTextField.swift */,
				0180C44C21B075C6000A0A84 /* GDTableView.swift */,
				0180C44E21B08356000A0A84 /* GDListCell.swift */,
				0180C45321B09AB7000A0A84 /* GDCheckBox.swift */,
			);
			path = Custom;
			sourceTree = "<group>";
		};
		01C68534219F9C7A00D6A808 /* Fonts */ = {
			isa = PBXGroup;
			children = (
				01C68535219F9F0100D6A808 /* Raleway-v4020-Regular.otf */,
			);
			path = Fonts;
			sourceTree = "<group>";
		};
		01C6853D21A0664700D6A808 /* Controllers */ = {
			isa = PBXGroup;
			children = (
				01C68519219E813A00D6A808 /* WelcomeController.swift */,
				01C68539219FD4C300D6A808 /* ListController.swift */,
			);
			path = Controllers;
			sourceTree = "<group>";
		};
/* End PBXGroup section */

/* Begin PBXNativeTarget section */
		01C68513219E813A00D6A808 /* GetItDone */ = {
			isa = PBXNativeTarget;
			buildConfigurationList = 01C68529219E813C00D6A808 /* Build configuration list for PBXNativeTarget "GetItDone" */;
			buildPhases = (
				01C68510219E813A00D6A808 /* Sources */,
				01C68511219E813A00D6A808 /* Frameworks */,
				01C68512219E813A00D6A808 /* Resources */,
			);
			buildRules = (
			);
			dependencies = (
			);
			name = GetItDone;
			productName = GetItDone;
			productReference = 01C68514219E813A00D6A808 /* GetItDone.app */;
			productType = "com.apple.product-type.application";
		};
/* End PBXNativeTarget section */

/* Begin PBXProject section */
		01C6850C219E813A00D6A808 /* Project object */ = {
			isa = PBXProject;
			attributes = {
				LastSwiftUpdateCheck = 0940;
				LastUpgradeCheck = 0940;
				ORGANIZATIONNAME = "Andy Li";
				TargetAttributes = {
					01C68513219E813A00D6A808 = {
						CreatedOnToolsVersion = 9.4.1;
					};
				};
			};
			buildConfigurationList = 01C6850F219E813A00D6A808 /* Build configuration list for PBXProject "GetItDone" */;
			compatibilityVersion = "Xcode 9.3";
			developmentRegion = en;
			hasScannedForEncodings = 0;
			knownRegions = (
				en,
				Base,
			);
			mainGroup = 01C6850B219E813A00D6A808;
			productRefGroup = 01C68515219E813A00D6A808 /* Products */;
			projectDirPath = "";
			projectRoot = "";
			targets = (
				01C68513219E813A00D6A808 /* GetItDone */,
			);
		};
/* End PBXProject section */

/* Begin PBXResourcesBuildPhase section */
		01C68512219E813A00D6A808 /* Resources */ = {
			isa = PBXResourcesBuildPhase;
			buildActionMask = 2147483647;
			files = (
				01C68536219F9F0200D6A808 /* Raleway-v4020-Regular.otf in Resources */,
				01C68525219E813C00D6A808 /* LaunchScreen.storyboard in Resources */,
				01C68522219E813C00D6A808 /* Assets.xcassets in Resources */,
			);
			runOnlyForDeploymentPostprocessing = 0;
		};
/* End PBXResourcesBuildPhase section */

/* Begin PBXSourcesBuildPhase section */
		01C68510219E813A00D6A808 /* Sources */ = {
			isa = PBXSourcesBuildPhase;
			buildActionMask = 2147483647;
			files = (
				0180C45221B08657000A0A84 /* ToDo.swift in Sources */,
				0180C44F21B08356000A0A84 /* GDListCell.swift in Sources */,
				01C6852D219F399C00D6A808 /* GDGradient.swift in Sources */,
				0180C45421B09AB7000A0A84 /* GDCheckBox.swift in Sources */,
				01C68538219FC8AA00D6A808 /* GDButton.swift in Sources */,
				01C6851A219E813A00D6A808 /* WelcomeController.swift in Sources */,
				0180C45621B2E4CA000A0A84 /* CoreDataManager.swift in Sources */,
				01C6853F21A1022D00D6A808 /* OptionSet.swift in Sources */,
				01C68520219E813A00D6A808 /* GetItDone.xcdatamodeld in Sources */,
				01C68533219F97AA00D6A808 /* GDLabel.swift in Sources */,
				0180C44921AF3064000A0A84 /* GDTextField.swift in Sources */,
				01C6854321A12C6C00D6A808 /* GDNewItemPopup.swift in Sources */,
				0180C44D21B075C6000A0A84 /* GDTableView.swift in Sources */,
				01C6854121A10FA300D6A808 /* Protocol.swift in Sources */,
				01C68530219F3E7E00D6A808 /* Extension.swift in Sources */,
				01C6853C21A063F200D6A808 /* GDHeaderView.swift in Sources */,
				01C68518219E813A00D6A808 /* AppDelegate.swift in Sources */,
				01C6853A219FD4C300D6A808 /* ListController.swift in Sources */,
			);
			runOnlyForDeploymentPostprocessing = 0;
		};
/* End PBXSourcesBuildPhase section */

/* Begin PBXVariantGroup section */
		01C68523219E813C00D6A808 /* LaunchScreen.storyboard */ = {
			isa = PBXVariantGroup;
			children = (
				01C68524219E813C00D6A808 /* Base */,
			);
			name = LaunchScreen.storyboard;
			sourceTree = "<group>";
		};
/* End PBXVariantGroup section */

/* Begin XCBuildConfiguration section */
		01C68527219E813C00D6A808 /* Debug */ = {
			isa = XCBuildConfiguration;
			buildSettings = {
				ALWAYS_SEARCH_USER_PATHS = NO;
				CLANG_ANALYZER_NONNULL = YES;
				CLANG_ANALYZER_NUMBER_OBJECT_CONVERSION = YES_AGGRESSIVE;
				CLANG_CXX_LANGUAGE_STANDARD = "gnu++14";
				CLANG_CXX_LIBRARY = "libc++";
				CLANG_ENABLE_MODULES = YES;
				CLANG_ENABLE_OBJC_ARC = YES;
				CLANG_ENABLE_OBJC_WEAK = YES;
				CLANG_WARN_BLOCK_CAPTURE_AUTORELEASING = YES;
				CLANG_WARN_BOOL_CONVERSION = YES;
				CLANG_WARN_COMMA = YES;
				CLANG_WARN_CONSTANT_CONVERSION = YES;
				CLANG_WARN_DEPRECATED_OBJC_IMPLEMENTATIONS = YES;
				CLANG_WARN_DIRECT_OBJC_ISA_USAGE = YES_ERROR;
				CLANG_WARN_DOCUMENTATION_COMMENTS = YES;
				CLANG_WARN_EMPTY_BODY = YES;
				CLANG_WARN_ENUM_CONVERSION = YES;
				CLANG_WARN_INFINITE_RECURSION = YES;
				CLANG_WARN_INT_CONVERSION = YES;
				CLANG_WARN_NON_LITERAL_NULL_CONVERSION = YES;
				CLANG_WARN_OBJC_IMPLICIT_RETAIN_SELF = YES;
				CLANG_WARN_OBJC_LITERAL_CONVERSION = YES;
				CLANG_WARN_OBJC_ROOT_CLASS = YES_ERROR;
				CLANG_WARN_RANGE_LOOP_ANALYSIS = YES;
				CLANG_WARN_STRICT_PROTOTYPES = YES;
				CLANG_WARN_SUSPICIOUS_MOVE = YES;
				CLANG_WARN_UNGUARDED_AVAILABILITY = YES_AGGRESSIVE;
				CLANG_WARN_UNREACHABLE_CODE = YES;
				CLANG_WARN__DUPLICATE_METHOD_MATCH = YES;
				CODE_SIGN_IDENTITY = "iPhone Developer";
				COPY_PHASE_STRIP = NO;
				DEBUG_INFORMATION_FORMAT = dwarf;
				ENABLE_STRICT_OBJC_MSGSEND = YES;
				ENABLE_TESTABILITY = YES;
				GCC_C_LANGUAGE_STANDARD = gnu11;
				GCC_DYNAMIC_NO_PIC = NO;
				GCC_NO_COMMON_BLOCKS = YES;
				GCC_OPTIMIZATION_LEVEL = 0;
				GCC_PREPROCESSOR_DEFINITIONS = (
					"DEBUG=1",
					"$(inherited)",
				);
				GCC_WARN_64_TO_32_BIT_CONVERSION = YES;
				GCC_WARN_ABOUT_RETURN_TYPE = YES_ERROR;
				GCC_WARN_UNDECLARED_SELECTOR = YES;
				GCC_WARN_UNINITIALIZED_AUTOS = YES_AGGRESSIVE;
				GCC_WARN_UNUSED_FUNCTION = YES;
				GCC_WARN_UNUSED_VARIABLE = YES;
				IPHONEOS_DEPLOYMENT_TARGET = 11.4;
				MTL_ENABLE_DEBUG_INFO = YES;
				ONLY_ACTIVE_ARCH = YES;
				SDKROOT = iphoneos;
				SWIFT_ACTIVE_COMPILATION_CONDITIONS = DEBUG;
				SWIFT_OPTIMIZATION_LEVEL = "-Onone";
			};
			name = Debug;
		};
		01C68528219E813C00D6A808 /* Release */ = {
			isa = XCBuildConfiguration;
			buildSettings = {
				ALWAYS_SEARCH_USER_PATHS = NO;
				CLANG_ANALYZER_NONNULL = YES;
				CLANG_ANALYZER_NUMBER_OBJECT_CONVERSION = YES_AGGRESSIVE;
				CLANG_CXX_LANGUAGE_STANDARD = "gnu++14";
				CLANG_CXX_LIBRARY = "libc++";
				CLANG_ENABLE_MODULES = YES;
				CLANG_ENABLE_OBJC_ARC = YES;
				CLANG_ENABLE_OBJC_WEAK = YES;
				CLANG_WARN_BLOCK_CAPTURE_AUTORELEASING = YES;
				CLANG_WARN_BOOL_CONVERSION = YES;
				CLANG_WARN_COMMA = YES;
				CLANG_WARN_CONSTANT_CONVERSION = YES;
				CLANG_WARN_DEPRECATED_OBJC_IMPLEMENTATIONS = YES;
				CLANG_WARN_DIRECT_OBJC_ISA_USAGE = YES_ERROR;
				CLANG_WARN_DOCUMENTATION_COMMENTS = YES;
				CLANG_WARN_EMPTY_BODY = YES;
				CLANG_WARN_ENUM_CONVERSION = YES;
				CLANG_WARN_INFINITE_RECURSION = YES;
				CLANG_WARN_INT_CONVERSION = YES;
				CLANG_WARN_NON_LITERAL_NULL_CONVERSION = YES;
				CLANG_WARN_OBJC_IMPLICIT_RETAIN_SELF = YES;
				CLANG_WARN_OBJC_LITERAL_CONVERSION = YES;
				CLANG_WARN_OBJC_ROOT_CLASS = YES_ERROR;
				CLANG_WARN_RANGE_LOOP_ANALYSIS = YES;
				CLANG_WARN_STRICT_PROTOTYPES = YES;
				CLANG_WARN_SUSPICIOUS_MOVE = YES;
				CLANG_WARN_UNGUARDED_AVAILABILITY = YES_AGGRESSIVE;
				CLANG_WARN_UNREACHABLE_CODE = YES;
				CLANG_WARN__DUPLICATE_METHOD_MATCH = YES;
				CODE_SIGN_IDENTITY = "iPhone Developer";
				COPY_PHASE_STRIP = NO;
				DEBUG_INFORMATION_FORMAT = "dwarf-with-dsym";
				ENABLE_NS_ASSERTIONS = NO;
				ENABLE_STRICT_OBJC_MSGSEND = YES;
				GCC_C_LANGUAGE_STANDARD = gnu11;
				GCC_NO_COMMON_BLOCKS = YES;
				GCC_WARN_64_TO_32_BIT_CONVERSION = YES;
				GCC_WARN_ABOUT_RETURN_TYPE = YES_ERROR;
				GCC_WARN_UNDECLARED_SELECTOR = YES;
				GCC_WARN_UNINITIALIZED_AUTOS = YES_AGGRESSIVE;
				GCC_WARN_UNUSED_FUNCTION = YES;
				GCC_WARN_UNUSED_VARIABLE = YES;
				IPHONEOS_DEPLOYMENT_TARGET = 11.4;
				MTL_ENABLE_DEBUG_INFO = NO;
				SDKROOT = iphoneos;
				SWIFT_COMPILATION_MODE = wholemodule;
				SWIFT_OPTIMIZATION_LEVEL = "-O";
				VALIDATE_PRODUCT = YES;
			};
			name = Release;
		};
		01C6852A219E813C00D6A808 /* Debug */ = {
			isa = XCBuildConfiguration;
			buildSettings = {
				ASSETCATALOG_COMPILER_APPICON_NAME = AppIcon;
				CODE_SIGN_STYLE = Automatic;
				DEVELOPMENT_TEAM = 54888RZB43;
				INFOPLIST_FILE = GetItDone/Info.plist;
				LD_RUNPATH_SEARCH_PATHS = (
					"$(inherited)",
					"@executable_path/Frameworks",
				);
				PRODUCT_BUNDLE_IDENTIFIER = learning.xcode.GetItDone;
				PRODUCT_NAME = "$(TARGET_NAME)";
				SWIFT_VERSION = 4.0;
				TARGETED_DEVICE_FAMILY = "1,2";
			};
			name = Debug;
		};
		01C6852B219E813C00D6A808 /* Release */ = {
			isa = XCBuildConfiguration;
			buildSettings = {
				ASSETCATALOG_COMPILER_APPICON_NAME = AppIcon;
				CODE_SIGN_STYLE = Automatic;
				DEVELOPMENT_TEAM = 54888RZB43;
				INFOPLIST_FILE = GetItDone/Info.plist;
				LD_RUNPATH_SEARCH_PATHS = (
					"$(inherited)",
					"@executable_path/Frameworks",
				);
				PRODUCT_BUNDLE_IDENTIFIER = learning.xcode.GetItDone;
				PRODUCT_NAME = "$(TARGET_NAME)";
				SWIFT_VERSION = 4.0;
				TARGETED_DEVICE_FAMILY = "1,2";
			};
			name = Release;
		};
/* End XCBuildConfiguration section */

/* Begin XCConfigurationList section */
		01C6850F219E813A00D6A808 /* Build configuration list for PBXProject "GetItDone" */ = {
			isa = XCConfigurationList;
			buildConfigurations = (
				01C68527219E813C00D6A808 /* Debug */,
				01C68528219E813C00D6A808 /* Release */,
			);
			defaultConfigurationIsVisible = 0;
			defaultConfigurationName = Release;
		};
		01C68529219E813C00D6A808 /* Build configuration list for PBXNativeTarget "GetItDone" */ = {
			isa = XCConfigurationList;
			buildConfigurations = (
				01C6852A219E813C00D6A808 /* Debug */,
				01C6852B219E813C00D6A808 /* Release */,
			);
			defaultConfigurationIsVisible = 0;
			defaultConfigurationName = Release;
		};
/* End XCConfigurationList section */

/* Begin XCVersionGroup section */
		01C6851E219E813A00D6A808 /* GetItDone.xcdatamodeld */ = {
			isa = XCVersionGroup;
			children = (
				01C6851F219E813A00D6A808 /* GetItDone.xcdatamodel */,
			);
			currentVersion = 01C6851F219E813A00D6A808 /* GetItDone.xcdatamodel */;
			path = GetItDone.xcdatamodeld;
			sourceTree = "<group>";
			versionGroupType = wrapper.xcdatamodel;
		};
/* End XCVersionGroup section */
	};
	rootObject = 01C6850C219E813A00D6A808 /* Project object */;
}
